
Microsoft Visual Studio Solution File, Format Version 12.00
# Visual Studio Version 16
VisualStudioVersion = 16.0.30011.22
MinimumVisualStudioVersion = 10.0.40219.1
Project("{FAE04EC0-301F-11D3-BF4B-00C04F79EFBC}") = "Servidor", "Servidor\Servidor.csproj", "{07E9C716-69A2-4D47-A3AA-C429DA7B865A}"
EndProject
Global
	GlobalSection(SolutionConfigurationPlatforms) = preSolution
		Debug|Any CPU = Debug|Any CPU
		Release|Any CPU = Release|Any CPU
	EndGlobalSection
	GlobalSection(ProjectConfigurationPlatforms) = postSolution
		{07E9C716-69A2-4D47-A3AA-C429DA7B865A}.Debug|Any CPU.ActiveCfg = Debug|Any CPU
		{07E9C716-69A2-4D47-A3AA-C429DA7B865A}.Debug|Any CPU.Build.0 = Debug|Any CPU
		{07E9C716-69A2-4D47-A3AA-C429DA7B865A}.Release|Any CPU.ActiveCfg = Release|Any CPU
		{07E9C716-69A2-4D47-A3AA-C429DA7B865A}.Release|Any CPU.Build.0 = Release|Any CPU
	EndGlobalSection
	GlobalSection(SolutionProperties) = preSolution
		HideSolutionNode = FALSE
	EndGlobalSection
	GlobalSection(ExtensibilityGlobals) = postSolution
		SolutionGuid = {3907B499-2253-4F2E-B66F-2398DEFE6353}
	EndGlobalSection
EndGlobal
